# THIS IS AN AUTOGENERATED FILE. DO NOT EDIT THIS FILE DIRECTLY.
assets/ajax-cart.js.liquid:
  development: 2016-03-12T11:01:50-05:00   edcbc0f5bddbc8f124304092d4cf947e
assets/ajax-loader.gif:
  development: 2016-03-12T11:01:50-05:00   deca8b0ecd6974227d157b6d7068995d
assets/fastclick.min.js:
  development: 2016-03-12T11:01:50-05:00   4c68290ccc4d503561895dff0821621f
assets/favicon.png:
  development: 2016-03-12T11:01:50-05:00   545fea4168ccec4fa251f7a71e14005a
assets/gift-card.scss.liquid:
  development: 2016-03-12T11:01:51-05:00   3125410c05d24e9b62d7b69bdc7b8606
assets/handlebars.min.js:
  development: 2016-03-12T11:01:51-05:00   b3c11508a224ee83f86e2fc6491e9751
assets/hero_slide_1.jpg:
  development: 2016-03-12T11:01:51-05:00   fff43e1f591c3da414b4fb33ee68c161
assets/hero_slide_2.jpg:
  development: 2016-03-12T11:01:51-05:00   708ce519d7f53f5be9c40a7bbd1f0883
assets/hero_slide_3.jpg:
  development: 2016-03-12T11:01:51-05:00   b2433b0c979bbda8f8490ab19f610f18
assets/hero_slide_4.jpg:
  development: 2016-03-12T11:01:51-05:00   8a1181e6f5e6cfd716942c8852b13c8a
assets/hero_slide_5.jpg:
  development: 2016-03-12T11:01:51-05:00   77aa5ed029d4033d3bced9fc99cfce3f
assets/ico-select.svg.liquid:
  development: 2016-03-12T11:01:51-05:00   9c9cc5a57cc74a0a64c2f62b1370a920
assets/icons.eot:
  development: 2016-03-12T11:01:51-05:00   ccbc8c25dda0a781ec324c2957208b4c
assets/icons.json:
  development: 2016-03-12T11:01:51-05:00   0f792281cc5976540a181d462829db41
assets/icons.svg:
  development: 2016-03-12T11:01:52-05:00   b8939840f42075f6703901cf5d3c94a6
assets/icons.ttf:
  development: 2016-03-12T11:01:52-05:00   a7f2483a97ef9887bd2efed4c7a50d83
assets/icons.woff:
  development: 2016-03-12T11:01:52-05:00   da6fef80e1446106d09e83e1c2f3b8d8
assets/logo-inverted.png:
  development: 2016-03-12T11:01:52-05:00   2648e73a854ee86d375e4e9395d43ebd
assets/logo.png:
  development: 2016-03-12T11:01:52-05:00   189eb4b2ca4d3d0152191902cfed27e2
assets/magnific-popup.min.js:
  development: 2016-03-12T11:01:52-05:00   049f6e86c0d95422346c4bacfa593eb3
assets/match-media.min.js:
  development: 2016-03-12T11:01:52-05:00   9e431a1a6b7a8c12af2cef5c2a1ce14f
assets/modernizr.min.js:
  development: 2016-03-12T11:01:52-05:00   2e37516b46c9a9e2f46842c42e4b6e03
assets/next.svg:
  development: 2016-03-12T11:01:52-05:00   48d314f04de9b9f0024fe0bc8a677c18
assets/overwrite-main.scss:
  development: 2016-03-12T11:01:52-05:00   3e6f4b2a010888bb7c8a7843926c8d5f
assets/overwrite-main.scss.liquid.scss:
  development: 2016-03-12T11:01:52-05:00   3e6f4b2a010888bb7c8a7843926c8d5f
assets/overwrite.scss.liquid:
  development: 2016-03-12T11:01:52-05:00   3e6f4b2a010888bb7c8a7843926c8d5f
assets/prev.svg:
  development: 2016-03-12T11:01:52-05:00   f9866618eb867ec6fec63b71173e593d
assets/recently-viewed.js:
  development: 2016-03-12T12:10:59-05:00   83cb4cfde4bb599f44f3a328a1d0a76c
assets/respond-proxy.html:
  development: 2016-03-12T11:01:52-05:00   75002d74a330bff6bf069284da503b4c
assets/respond.min.js:
  development: 2016-03-12T11:01:53-05:00   a2684e9b8fa50d6d11c56a9ada068528
assets/scrolltofixed.min.js:
  development: 2016-03-12T11:01:53-05:00   0d77c61cdb1567ecbff4ed800c144043
assets/slick-theme.js.liquid:
  development: 2016-03-12T11:01:53-05:00   d703f3e31a9a611d00a7b2b80f04c969
assets/slick.min.js.liquid:
  development: 2016-03-12T11:01:53-05:00   0e662484325406cbd170ea77347e7a82
assets/social-buttons.js.liquid:
  development: 2016-03-12T11:01:53-05:00   6e8feb778deb0e3b99a57376e89c6936
assets/theme.js.liquid:
  development: 2016-03-12T11:01:53-05:00   957d3e5a7ad23da602abe0325afa73ef
assets/theme.scss.liquid:
  development: 2016-03-12T14:35:44-05:00   4b8dc31bbfa492e0f98d7a5a984e04ee
assets/timber.js.liquid:
  development: 2016-03-12T11:01:53-05:00   36319a8ab48a6e335ea803f216164931
assets/timber.scss.liquid:
  development: 2016-03-12T12:41:48-05:00   204707cfd5e29aa2e46e1ae9a7675ed9
assets/variant_selection.js:
  development: 2016-03-12T11:01:53-05:00   d40c8d4791b6dc35935139da02a855bd
config/settings_data.json:
  development: 2017-03-06T15:23:19-05:00   8cb269b9df6001bf6bc6a88be44838c6
config/settings_schema.json:
  development: 2016-03-12T11:01:50-05:00   1fb6cf7d24b8cfc39092a7014a2cb5fa
layout/theme.liquid:
  development: 2016-03-12T12:18:27-05:00   da5ad982f6e14342c03d0611225db9ac
locales/de.json:
  development: 2016-03-12T11:01:55-05:00   5b7aa928e62120bc94dba9dcc813cef3
locales/en.default.json:
  development: 2016-03-12T11:01:55-05:00   884711c9bb9a42b67a52c1909d75842d
locales/es.json:
  development: 2016-03-12T11:01:55-05:00   4f574e5e839251db38224bd4e76b0dce
locales/fr.json:
  development: 2016-03-12T11:01:55-05:00   cd1bd9f89d4af9563598041f33281654
locales/pt-BR.json:
  development: 2016-03-12T11:01:55-05:00   1b4196d1c1340338a8c69ba6b7e0426c
locales/pt-PT.json:
  development: 2016-03-12T11:01:55-05:00   7f4fc2dba65b76ab57f317cf8c46b7f9
snippets/ajax-cart-template.liquid:
  development: 2016-03-12T11:01:53-05:00   b029b62d62f1d454aba7a56a0d5d3f0b
snippets/banner.liquid:
  development: 2016-03-12T11:01:53-05:00   c32354bb3c120b74fcb924aac5574749
snippets/collection-grid-collage.liquid:
  development: 2016-03-12T11:01:53-05:00   51a5a6be512d140c965923114c4e33f1
snippets/collection-grid-item.liquid:
  development: 2016-03-12T12:48:50-05:00   a041c5b00a9ecacd0f926a49c67f360d
snippets/collection-template.liquid:
  development: 2016-03-12T11:01:53-05:00   14df828d5144f7f93d75debcece5968a
snippets/comment.liquid:
  development: 2016-03-12T11:01:53-05:00   490bf7370ece4d0217f9c229aefd5880
snippets/currencies.liquid:
  development: 2016-03-12T11:15:34-05:00   0735b7ce92a40f609ea864b32b51dff0
snippets/featured-collections.liquid:
  development: 2016-03-12T11:01:53-05:00   6a12cf7ed063d34052742b7f1d0a11c0
snippets/featured-products.liquid:
  development: 2016-03-12T11:01:53-05:00   42c2e759319ff9eb629592521f461cb1
snippets/google-fonts.liquid:
  development: 2016-03-12T11:01:53-05:00   8e40cfa27425f9a5b955b747e1edee96
snippets/hero.liquid:
  development: 2016-03-12T13:56:06-05:00   42475bdf1bf32604edc191173132f202
snippets/home-content.liquid:
  development: 2016-03-12T11:01:53-05:00   65188098848707d6f80209b69735a470
snippets/oldIE-js.liquid:
  development: 2016-03-12T11:01:53-05:00   daf28c8834122dcaf976369fdf48323a
snippets/onboarding-empty-collection.liquid:
  development: 2016-03-12T11:01:53-05:00   d1da84993a586508bc7cf258fca9a3fe
snippets/onboarding-featured-collections.liquid:
  development: 2016-03-12T11:01:53-05:00   452161ebfaca4f84317799b11e84943b
snippets/onboarding-featured-products.liquid:
  development: 2016-03-12T11:01:53-05:00   6610ac184abc588601cc14231aa7a4bd
snippets/price-sale.liquid:
  development: 2016-03-12T11:01:54-05:00   d04d5c703ed3a2ac784644214a0a20a7
snippets/product-grid-collage.liquid:
  development: 2016-03-12T11:01:54-05:00   a258c7788397701a5db2d51783bfe2d2
snippets/product-grid-item.liquid:
  development: 2016-03-12T11:01:54-05:00   e6238a906ca73246bda0e042ad3c4dff
snippets/product-lower.liquid:
  development: 2016-03-12T12:12:44-05:00   ccc6a638f72a0bc40a2374e2311f48db
snippets/product-upper.liquid:
  development: 2016-03-12T12:49:42-05:00   98c60dd7f472e4f9d8baa15a733735d9
snippets/recently-viewed.liquid:
  development: 2016-03-12T12:32:13-05:00   f4c58e81c6aad273cfe70144c3402246
snippets/respond.liquid:
  development: 2016-03-12T11:01:54-05:00   ca6abf0635dc2ad8c6bd377f83c79f6b
snippets/search-bar.liquid:
  development: 2016-03-12T11:01:54-05:00   09c97d1e453c835a8a5568a70d690883
snippets/social-meta-tags.liquid:
  development: 2016-03-12T11:01:54-05:00   5747a649dffd033f193f038ff201b877
snippets/social-sharing.liquid:
  development: 2016-03-12T11:01:54-05:00   a976e240eb4c58a088a9dcf8d26ee0c6
snippets/tags-article.liquid:
  development: 2016-03-12T11:01:54-05:00   4ea88511a917b0e96aba994f1e0c2541
templates/404.liquid:
  development: 2016-03-12T11:01:54-05:00   f1181b55ee89b4ad79ae81d244761cd2
templates/article.liquid:
  development: 2016-03-12T11:01:54-05:00   93f0719093834f324fe4583397018590
templates/blog.liquid:
  development: 2016-03-12T11:01:54-05:00   918f3d5c78952989aa51eac39d624a80
templates/cart.liquid:
  development: 2016-03-12T11:01:54-05:00   a60d73ec6b5d3c2ac3cc6af87300c97d
templates/collection.image.liquid:
  development: 2016-03-12T11:01:54-05:00   522f66f6466c5f5b96c4974518ceb665
templates/collection.liquid:
  development: 2016-03-12T11:01:54-05:00   85cd69cc3336702987c4f7f191be867e
templates/customers/account.liquid:
  development: 2016-03-12T11:01:54-05:00   039c08ce5c171cc6fc47783e213e0460
templates/customers/activate_account.liquid:
  development: 2016-03-12T11:01:54-05:00   a569b8be750f47edddc82ffc62b847ac
templates/customers/addresses.liquid:
  development: 2016-03-12T11:01:54-05:00   0469db4fede62e252de2e944526804bd
templates/customers/login.liquid:
  development: 2016-03-12T11:01:54-05:00   5fea701d036da687b6b1f1e28babb7bc
templates/customers/order.liquid:
  development: 2016-03-12T11:01:54-05:00   0d535311493db3cd220f01d70cbe07cc
templates/customers/register.liquid:
  development: 2016-03-12T11:01:54-05:00   3205d912f62cb0f866d974d5f2e22b37
templates/customers/reset_password.liquid:
  development: 2016-03-12T11:01:54-05:00   bd78871a9d2e373575659c6f9f68aa9b
templates/gift_card.liquid:
  development: 2016-03-12T11:01:54-05:00   0d4dd91296a111afba3860336c61d3ca
templates/index.liquid:
  development: 2016-03-12T11:01:54-05:00   a9b9ee97d38bc8d02ac7ed47e0a49c87
templates/list-collections.liquid:
  development: 2016-03-12T11:01:54-05:00   452d24273f8cbf083eabbce8bd4c3f71
templates/page.contact.liquid:
  development: 2016-03-12T11:01:54-05:00   5621f39d7691e4ce3604a87594feba9e
templates/page.liquid:
  development: 2016-03-12T14:28:00-05:00   594afb8827efb9b49b70944aa8742d87
templates/page.lookbook.liquid:
  development: 2016-03-12T11:01:54-05:00   a0f1283661e937873eafcbae0dbbe3a5
templates/password.liquid:
  development: 2016-03-12T11:01:54-05:00   deddc62b0c493f328c1d65a4990722d7
templates/product.anorak-sweatshirt.liquid:
  development: 2016-03-12T11:01:54-05:00   e5ba424b0ea97b38d5b7caef32522a91
templates/product.baseball-jersey.liquid:
  development: 2016-03-12T11:01:54-05:00   d51e094889f577be01cc81d006de5c0a
templates/product.button-down.liquid:
  development: 2016-03-12T11:01:54-05:00   8bf4388d3e82ca2721deebbefea76c72
templates/product.coach.liquid:
  development: 2016-03-12T11:01:54-05:00   61d18facc58f9346470b6471f353edd3
templates/product.crewneck-sweatshirt.liquid:
  development: 2016-03-12T11:01:54-05:00   8dc6375ae63c0ef73256ff67ef1c6689
templates/product.double-zip-sweatshirt.liquid:
  development: 2016-03-12T11:01:54-05:00   eac60e42eee25b7a0a867857d2b8d374
templates/product.ebbetscoach.liquid:
  development: 2016-03-12T11:01:54-05:00   912885c5ec2c9d5770b10ab22d2982fe
templates/product.fillingpieces.liquid:
  development: 2016-03-12T11:01:54-05:00   7a15a2e0638075f1294a2382a23c1008
templates/product.football-jersey.liquid:
  development: 2016-03-12T11:01:54-05:00   63521836ec9159c4f437eb0fb34f7946
templates/product.hat.liquid:
  development: 2016-03-12T11:01:54-05:00   3e392cf47bbcfad56252f356eeeca441
templates/product.hockey-jersey.liquid:
  development: 2016-03-12T11:01:54-05:00   620cbd5d3ca2f9518b5b1ad51b565ab4
templates/product.liquid:
  development: 2016-03-12T11:01:54-05:00   8102034084740da396852fa8838d5e89
templates/product.long-sleeve-t.liquid:
  development: 2016-03-12T11:01:54-05:00   c4f35f27b90195eee850433b5d651048
templates/product.overshirt.liquid:
  development: 2016-03-12T11:01:54-05:00   51ffd01460e7383fa6e4fb7c0db098fb
templates/product.oxford.liquid:
  development: 2016-03-12T11:01:54-05:00   621edc3cada18d86818fe52a82586eec
templates/product.pullover-sweatshirt.liquid:
  development: 2016-03-12T11:01:54-05:00   09754af9448c07e4589d13a18720f026
templates/product.rugby.liquid:
  development: 2016-03-12T11:01:54-05:00   0d6bf4d084ad1cbcc16bf460166be9c6
templates/product.sweatpant.liquid:
  development: 2016-03-12T11:01:54-05:00   217a4ed85880f780151ee15387780cdb
templates/product.sweatshirt.liquid:
  development: 2016-03-12T11:01:54-05:00   8980f28d13295b033cd0a7215702ab07
templates/product.sweatshort.liquid:
  development: 2016-03-12T11:01:54-05:00   17c1cb767d2e1975fc5e8d9c8f19ba9d
templates/product.t-shirt.liquid:
  development: 2016-03-12T11:01:54-05:00   7911ede674e5d677e807f8fa7fb58d67
templates/product.tank-top.liquid:
  development: 2016-03-12T11:01:54-05:00   c45332a30030e65ffa75968dd9c43dae
templates/product.thermal.liquid:
  development: 2016-03-12T11:01:54-05:00   6edb6db79e33e37389178e27638a6aa1
templates/product.turtleneck.liquid:
  development: 2016-03-12T11:01:54-05:00   569978dba14701f90ce8bf3edbacc4bb
templates/product.varsity-jacket.liquid:
  development: 2016-03-12T11:01:55-05:00   ffb9431f9378d84cc8790bad5ed2da15
templates/product.warm-up-shirt.liquid:
  development: 2016-03-12T11:01:55-05:00   0a6a3589fcc3673aa158ae1cd761689c
templates/search.liquid:
  development: 2017-03-06T15:23:18-05:00   d882958ceaeabffeb1f6fef684b829a0
