# THIS IS AN AUTOGENERATED FILE. DO NOT EDIT THIS FILE DIRECTLY.
assets/CA-slate.svg:
  development: 2018-02-26T22:21:18-05:00   553e511ce7e0e20cba7f4a7f927cd91b
assets/CA.svg:
  development: 2018-02-26T22:21:20-05:00   7d96086378354887447a53043796f9ee
assets/US-slate.svg:
  development: 2018-02-26T22:21:30-05:00   d4c7623e7758310886a6987f4b175187
assets/US.svg:
  development: 2018-02-26T22:21:25-05:00   c01355df9e8876371d7f1093165af58c
assets/ajax-cart.js.liquid:
  development: 2016-03-12T11:01:50-05:00   edcbc0f5bddbc8f124304092d4cf947e
assets/ajax-loader.gif:
  development: 2016-03-12T11:01:50-05:00   deca8b0ecd6974227d157b6d7068995d
assets/ca.png:
  development: 2018-02-26T22:20:56-05:00   8618709a45d8d1c4d9d254c61bdf29b8
assets/fastclick.min.js:
  development: 2016-03-12T11:01:50-05:00   4c68290ccc4d503561895dff0821621f
assets/favicon.png:
  development: 2016-03-12T11:01:50-05:00   545fea4168ccec4fa251f7a71e14005a
assets/gift-card.scss.liquid:
  development: 2016-03-12T11:01:51-05:00   3125410c05d24e9b62d7b69bdc7b8606
assets/handlebars.min.js:
  development: 2016-03-12T11:01:51-05:00   b3c11508a224ee83f86e2fc6491e9751
assets/hero_slide_1.jpg:
  development: 2018-02-26T22:21:26-05:00   aaf0dd760f4550a2a173568146bb6f62
assets/hero_slide_2.jpg:
  development: 2016-03-12T11:01:51-05:00   708ce519d7f53f5be9c40a7bbd1f0883
assets/hero_slide_3.jpg:
  development: 2016-03-12T11:01:51-05:00   b2433b0c979bbda8f8490ab19f610f18
assets/hero_slide_4.jpg:
  development: 2016-03-12T11:01:51-05:00   8a1181e6f5e6cfd716942c8852b13c8a
assets/hero_slide_5.jpg:
  development: 2018-02-26T22:21:03-05:00   3840b47d8c7f00d0ab533716d8ac5117
assets/ico-select.svg.liquid:
  development: 2016-03-12T11:01:51-05:00   9c9cc5a57cc74a0a64c2f62b1370a920
assets/icons.eot:
  development: 2016-03-12T11:01:51-05:00   ccbc8c25dda0a781ec324c2957208b4c
assets/icons.json:
  development: 2016-03-12T11:01:51-05:00   0f792281cc5976540a181d462829db41
assets/icons.svg:
  development: 2016-03-12T11:01:52-05:00   b8939840f42075f6703901cf5d3c94a6
assets/icons.ttf:
  development: 2016-03-12T11:01:52-05:00   a7f2483a97ef9887bd2efed4c7a50d83
assets/icons.woff:
  development: 2016-03-12T11:01:52-05:00   da6fef80e1446106d09e83e1c2f3b8d8
assets/logo-inverted.png:
  development: 2016-03-12T11:01:52-05:00   2648e73a854ee86d375e4e9395d43ebd
assets/logo.png:
  development: 2016-03-12T11:01:52-05:00   189eb4b2ca4d3d0152191902cfed27e2
assets/logo.svg:
  development: 2018-02-26T22:20:27-05:00   9f4d98ef19d1b09d773a85e659482b72
assets/magnific-popup.min.js:
  development: 2016-03-12T11:01:52-05:00   049f6e86c0d95422346c4bacfa593eb3
assets/match-media.min.js:
  development: 2016-03-12T11:01:52-05:00   9e431a1a6b7a8c12af2cef5c2a1ce14f
assets/modernizr.min.js:
  development: 2016-03-12T11:01:52-05:00   2e37516b46c9a9e2f46842c42e4b6e03
assets/next.svg:
  development: 2016-03-12T11:01:52-05:00   48d314f04de9b9f0024fe0bc8a677c18
assets/overwrite-main.scss:
  development: 2016-03-12T11:01:52-05:00   3e6f4b2a010888bb7c8a7843926c8d5f
assets/overwrite-main.scss.liquid.scss:
  development: 2016-03-12T11:01:52-05:00   3e6f4b2a010888bb7c8a7843926c8d5f
assets/overwrite.scss.liquid:
  development: 2016-03-12T11:01:52-05:00   3e6f4b2a010888bb7c8a7843926c8d5f
assets/prev.svg:
  development: 2016-03-12T11:01:52-05:00   f9866618eb867ec6fec63b71173e593d
assets/recently-viewed.js:
  development: 2016-03-12T12:10:59-05:00   83cb4cfde4bb599f44f3a328a1d0a76c
assets/respond-proxy.html:
  development: 2016-03-12T11:01:52-05:00   75002d74a330bff6bf069284da503b4c
assets/respond.min.js:
  development: 2016-03-12T11:01:53-05:00   a2684e9b8fa50d6d11c56a9ada068528
assets/scrolltofixed.min.js:
  development: 2016-03-12T11:01:53-05:00   0d77c61cdb1567ecbff4ed800c144043
assets/slick-theme.js.liquid:
  development: 2016-03-12T11:01:53-05:00   d703f3e31a9a611d00a7b2b80f04c969
assets/slick.min.js.liquid:
  development: 2016-03-12T11:01:53-05:00   0e662484325406cbd170ea77347e7a82
assets/social-buttons.js.liquid:
  development: 2016-03-12T11:01:53-05:00   6e8feb778deb0e3b99a57376e89c6936
assets/theme.js.liquid:
  development: 2018-02-26T22:20:18-05:00   957d3e5a7ad23da602abe0325afa73ef
assets/theme.scss.liquid:
  development: 2018-02-26T22:21:41-05:00   f79a40cc526969f95f4e574736cd82b2
assets/timber.js.liquid:
  development: 2016-03-12T11:01:53-05:00   36319a8ab48a6e335ea803f216164931
assets/timber.scss.liquid:
  development: 2016-03-12T12:41:48-05:00   204707cfd5e29aa2e46e1ae9a7675ed9
assets/us.png:
  development: 2018-02-26T22:21:32-05:00   968591e0050981be9fa94bd2597afb48
assets/variant_selection.js:
  development: 2016-03-12T11:01:53-05:00   d40c8d4791b6dc35935139da02a855bd
config/settings_data.json:
  development: 2018-02-26T22:22:09-05:00   a367db3d6a870dfef68211bcf396a8aa
config/settings_schema.json:
  development: 2018-02-26T22:21:01-05:00   b9085d721e54f314f7912f254ab95118
layout/theme.liquid:
  development: 2018-02-26T22:21:25-05:00   49325593e8637e8b287e22bd5ed92900
locales/de.json:
  development: 2018-02-26T22:21:10-05:00   aee32fe6128bfce43574f445de3fd59f
locales/en.default.json:
  development: 2018-02-26T22:20:28-05:00   2a6f132a4aa3c3565c7ca72dbdc9ff74
locales/es.json:
  development: 2018-02-26T22:21:01-05:00   8ffe85bb6625708e32591c9ebc82c0ec
locales/fr.json:
  development: 2018-02-26T22:20:20-05:00   1bb48d3b2ba9692bd17fa7090c613d1e
locales/pt-BR.json:
  development: 2018-02-26T22:20:32-05:00   d333819126ce2ddcef92fed5f61d856b
locales/pt-PT.json:
  development: 2018-02-26T22:20:31-05:00   f35fab5d0342d0cd3481e65264b84b3c
snippets/ajax-cart-template.liquid:
  development: 2016-03-12T11:01:53-05:00   b029b62d62f1d454aba7a56a0d5d3f0b
snippets/banner.liquid:
  development: 2016-03-12T11:01:53-05:00   c32354bb3c120b74fcb924aac5574749
snippets/collection-grid-collage.liquid:
  development: 2016-03-12T11:01:53-05:00   51a5a6be512d140c965923114c4e33f1
snippets/collection-grid-item.liquid:
  development: 2016-03-12T12:48:50-05:00   a041c5b00a9ecacd0f926a49c67f360d
snippets/collection-template.liquid:
  development: 2018-02-26T23:01:43-05:00   935bef99619f7c990da4b64f32412319
snippets/comment.liquid:
  development: 2016-03-12T11:01:53-05:00   490bf7370ece4d0217f9c229aefd5880
snippets/currencies.liquid:
  development: 2016-03-12T11:15:34-05:00   0735b7ce92a40f609ea864b32b51dff0
snippets/featured-collections.liquid:
  development: 2016-03-12T11:01:53-05:00   6a12cf7ed063d34052742b7f1d0a11c0
snippets/featured-products.liquid:
  development: 2018-02-26T23:04:01-05:00   7ba42019fc3871b69c1cd4f18bc22ed6
snippets/google-fonts.liquid:
  development: 2016-03-12T11:01:53-05:00   8e40cfa27425f9a5b955b747e1edee96
snippets/hero.liquid:
  development: 2018-02-26T22:21:27-05:00   3ebfdf5e9f7014d6f2bea8a261aaa107
snippets/home-content.liquid:
  development: 2016-03-12T11:01:53-05:00   65188098848707d6f80209b69735a470
snippets/location.liquid:
  development: 2018-02-26T22:21:25-05:00   a5269c35ee34ce71f0835c7ed94d2a8a
snippets/next-prev-products.liquid:
  development: 2018-02-26T22:20:48-05:00   73b6019b9ba5c6d3db590b733e8560d6
snippets/oldIE-js.liquid:
  development: 2016-03-12T11:01:53-05:00   daf28c8834122dcaf976369fdf48323a
snippets/onboarding-empty-collection.liquid:
  development: 2016-03-12T11:01:53-05:00   d1da84993a586508bc7cf258fca9a3fe
snippets/onboarding-featured-collections.liquid:
  development: 2016-03-12T11:01:53-05:00   452161ebfaca4f84317799b11e84943b
snippets/onboarding-featured-products.liquid:
  development: 2016-03-12T11:01:53-05:00   6610ac184abc588601cc14231aa7a4bd
snippets/price-sale.liquid:
  development: 2016-03-12T11:01:54-05:00   d04d5c703ed3a2ac784644214a0a20a7
snippets/product-grid-collage.liquid:
  development: 2016-03-12T11:01:54-05:00   a258c7788397701a5db2d51783bfe2d2
snippets/product-grid-item.liquid:
  development: 2018-02-26T22:21:16-05:00   b589703c1aa96810d2b896e9d7f6ec93
snippets/product-lower.liquid:
  development: 2018-02-26T22:21:11-05:00   900f0b30ca1ba18f6bbe09177743a416
snippets/product-upper.liquid:
  development: 2018-02-26T22:30:28-05:00   2cbee73d2f89789a1b858a9642b809bc
snippets/receiptful.liquid:
  development: 2018-02-26T22:21:01-05:00   f9a381ee3727176cc34648482be57ea4
snippets/receiptfulfeedback.liquid:
  development: 2018-02-26T22:21:19-05:00   179d6310592ca260fd9ec189ecac8594
snippets/receiptfulsearch.liquid:
  development: 2018-02-26T22:20:23-05:00   3abebf27d3e873b6b0bda4a5a176b210
snippets/recently-viewed.liquid:
  development: 2018-02-26T22:20:58-05:00   0887c5590f8c2cecdeb7c8813d0d1ee9
snippets/respond.liquid:
  development: 2016-03-12T11:01:54-05:00   ca6abf0635dc2ad8c6bd377f83c79f6b
snippets/search-bar.liquid:
  development: 2016-03-12T11:01:54-05:00   09c97d1e453c835a8a5568a70d690883
snippets/social-meta-tags.liquid:
  development: 2016-03-12T11:01:54-05:00   5747a649dffd033f193f038ff201b877
snippets/social-sharing.liquid:
  development: 2016-03-12T11:01:54-05:00   a976e240eb4c58a088a9dcf8d26ee0c6
snippets/tags-article.liquid:
  development: 2016-03-12T11:01:54-05:00   4ea88511a917b0e96aba994f1e0c2541
snippets/variant-grid-items.liquid:
  development: 2018-02-26T23:01:36-05:00   de6cc175f8c24d63e807a1de3438a9ef
templates/404.liquid:
  development: 2016-03-12T11:01:54-05:00   f1181b55ee89b4ad79ae81d244761cd2
templates/article.liquid:
  development: 2016-03-12T11:01:54-05:00   93f0719093834f324fe4583397018590
templates/blog.liquid:
  development: 2016-03-12T11:01:54-05:00   918f3d5c78952989aa51eac39d624a80
templates/cart.liquid:
  development: 2018-02-26T22:21:15-05:00   d0cd48108a150f9fd1cbd86c65dcd044
templates/collection.image.liquid:
  development: 2016-03-12T11:01:54-05:00   522f66f6466c5f5b96c4974518ceb665
templates/collection.liquid:
  development: 2018-02-26T22:20:25-05:00   4800e68a33fd068bdb3efbd28d0221fe
templates/collection.preview.liquid:
  development: 2018-02-26T22:21:04-05:00   bc5086dd50188c55b75668ed18a6bf9f
templates/customers/account.liquid:
  development: 2016-03-12T11:01:54-05:00   039c08ce5c171cc6fc47783e213e0460
templates/customers/activate_account.liquid:
  development: 2016-03-12T11:01:54-05:00   a569b8be750f47edddc82ffc62b847ac
templates/customers/addresses.liquid:
  development: 2016-03-12T11:01:54-05:00   0469db4fede62e252de2e944526804bd
templates/customers/login.liquid:
  development: 2016-03-12T11:01:54-05:00   5fea701d036da687b6b1f1e28babb7bc
templates/customers/order.liquid:
  development: 2016-03-12T11:01:54-05:00   0d535311493db3cd220f01d70cbe07cc
templates/customers/register.liquid:
  development: 2016-03-12T11:01:54-05:00   3205d912f62cb0f866d974d5f2e22b37
templates/customers/reset_password.liquid:
  development: 2016-03-12T11:01:54-05:00   bd78871a9d2e373575659c6f9f68aa9b
templates/gift_card.liquid:
  development: 2016-03-12T11:01:54-05:00   0d4dd91296a111afba3860336c61d3ca
templates/index.liquid:
  development: 2018-02-26T22:21:20-05:00   a9b9ee97d38bc8d02ac7ed47e0a49c87
templates/list-collections.liquid:
  development: 2016-03-12T11:01:54-05:00   452d24273f8cbf083eabbce8bd4c3f71
templates/page.contact.liquid:
  development: 2016-03-12T11:01:54-05:00   5621f39d7691e4ce3604a87594feba9e
templates/page.frenzy.liquid:
  development: 2018-02-26T22:20:09-05:00   dc722d8ffeb5237e5d2247b9421eed27
templates/page.liquid:
  development: 2016-03-12T14:28:00-05:00   594afb8827efb9b49b70944aa8742d87
templates/page.lookbook--portrait.liquid:
  development: 2018-02-26T22:20:53-05:00   aba3d9eac8f8efe2853163b0f403e7fa
templates/page.lookbook.liquid:
  development: 2018-02-26T22:20:54-05:00   ba267b95c81d5417f6a6ece51d017093
templates/page.sentence_case.liquid:
  development: 2018-02-26T22:21:35-05:00   9f6e22a8a55fda8dec094c844fe331cd
templates/page.video.liquid:
  development: 2018-02-26T22:20:55-05:00   22c296e5f17911e9edeeca06de9195c4
templates/password.liquid:
  development: 2018-02-26T22:20:19-05:00   6473da38b35267dc0f5585ee906a8f32
templates/product.anorak-sweatshirt.liquid:
  development: 2016-03-12T11:01:54-05:00   e5ba424b0ea97b38d5b7caef32522a91
templates/product.anorak.liquid:
  development: 2018-02-26T22:21:01-05:00   142f7e8e804847a83f3441372f0c8935
templates/product.baseball-jersey.liquid:
  development: 2016-03-12T11:01:54-05:00   d51e094889f577be01cc81d006de5c0a
templates/product.basketball-shorts.liquid:
  development: 2018-02-26T22:21:30-05:00   c2e00292c7aab179f007a6fb4f3073bb
templates/product.bather.liquid:
  development: 2018-02-26T22:20:40-05:00   21f04973caa4f217ec723ea3fa5e29df
templates/product.belt.liquid:
  development: 2018-02-26T22:21:33-05:00   76a6c68b2f13b909950d0e60363242e9
templates/product.belted-short.liquid:
  development: 2018-02-26T22:20:39-05:00   098e7f1e7ad72dd9035db9c7ba86f2a1
templates/product.bomber.liquid:
  development: 2018-02-26T22:20:45-05:00   a1d15eab7561b155ce54df62cbf8d460
templates/product.boxers.liquid:
  development: 2018-02-26T22:21:29-05:00   0e23e58271d05518f33291173bd2de2a
templates/product.button-down.liquid:
  development: 2016-03-12T11:01:54-05:00   8bf4388d3e82ca2721deebbefea76c72
templates/product.cargosweats.liquid:
  development: 2018-02-26T22:21:07-05:00   7f80c4f42b71db0201996f7bb57bb463
templates/product.coach.liquid:
  development: 2018-02-26T22:21:28-05:00   11d637a820d5c61f002121f256d02972
templates/product.collar.liquid:
  development: 2018-02-26T22:20:42-05:00   6646b5591dd4b7cc9ff8fdf987b3b914
templates/product.coming-soon.liquid:
  development: 2018-02-26T22:21:01-05:00   0f662bacc3e82397aa7a95eec9c329d2
templates/product.crewneck-sweatshirt.liquid:
  development: 2018-02-26T22:21:14-05:00   31bdcfada03dcdac904a9406a4e1c415
templates/product.double-zip-sweatshirt.liquid:
  development: 2016-03-12T11:01:54-05:00   eac60e42eee25b7a0a867857d2b8d374
templates/product.ebbetscoach.liquid:
  development: 2016-03-12T11:01:54-05:00   912885c5ec2c9d5770b10ab22d2982fe
templates/product.fillingpieces.liquid:
  development: 2016-03-12T11:01:54-05:00   7a15a2e0638075f1294a2382a23c1008
templates/product.flannel.liquid:
  development: 2018-02-26T22:20:32-05:00   dc4deebbf606ab759bcd58ec47b68e9e
templates/product.football-jersey.liquid:
  development: 2016-03-12T11:01:54-05:00   63521836ec9159c4f437eb0fb34f7946
templates/product.football.liquid:
  development: 2018-02-26T22:20:43-05:00   6c285cfcb6fcda73af2cc608d6d963c4
templates/product.fw17-accessories.liquid:
  development: 2018-02-26T22:21:28-05:00   6fcedf767fb1e16eca5ba9fd1da0d1b0
templates/product.fw17-bdu.liquid:
  development: 2018-02-26T22:20:52-05:00   70d87609e7b7bd7d0bbee4cedf199b77
templates/product.fw17-dolman.liquid:
  development: 2018-02-26T22:20:10-05:00   d7023e08b53b1c40e09e670026a27308
templates/product.fw17-fatigue.liquid:
  development: 2018-02-26T22:21:21-05:00   6fd9e6445c06479f2d5a63f430062378
templates/product.fw17-flannel.liquid:
  development: 2018-02-26T22:20:10-05:00   f12d05654b35d59735af6ff8b80dabc1
templates/product.fw17-hoodie.liquid:
  development: 2018-02-26T22:20:21-05:00   a3e564f0073a8f1ea1bc83600d47bedf
templates/product.fw17-ls-tee.liquid:
  development: 2018-02-26T22:21:06-05:00   4f473aa51cd09df470873b2d2707aa65
templates/product.fw17-raglan-hoodie.liquid:
  development: 2018-02-26T22:20:21-05:00   b4c01872bbd0a762070dc4cdcb68b064
templates/product.fw17-sweatpants.liquid:
  development: 2018-02-26T22:21:00-05:00   343ff8df80e348719b573505a6bab051
templates/product.fw17-tees.liquid:
  development: 2018-02-26T22:21:04-05:00   812177c31a077722af842ea2b08233b9
templates/product.fw17-thermal.liquid:
  development: 2018-02-26T22:20:48-05:00   27b22aa06c318ca2ee5b7861a60857e2
templates/product.fw17-track-pants.liquid:
  development: 2018-02-26T22:21:22-05:00   fccbe03e7c3957e271cf29253a93b6c2
templates/product.fw17-trucker.liquid:
  development: 2018-02-26T22:20:41-05:00   feeb8bb67b7f1144ef2122d7613ed801
templates/product.fw17_grabbag.liquid:
  development: 2018-02-26T22:20:49-05:00   eb7e75b3aaaaf3b193990f49467e9463
templates/product.gloves.liquid:
  development: 2018-02-26T22:20:26-05:00   8b2fdad6a2b4b957272f0aadc6b1d0e5
templates/product.hat.liquid:
  development: 2016-03-12T11:01:54-05:00   3e392cf47bbcfad56252f356eeeca441
templates/product.hockey-jersey.liquid:
  development: 2016-03-12T11:01:54-05:00   620cbd5d3ca2f9518b5b1ad51b565ab4
templates/product.liquid:
  development: 2018-02-26T22:20:13-05:00   d5cad16224362b27635fcb3c09be1005
templates/product.long-sleeve-t.liquid:
  development: 2016-03-12T11:01:54-05:00   c4f35f27b90195eee850433b5d651048
templates/product.mac.liquid:
  development: 2018-02-26T22:20:33-05:00   e4a654b174081fcf8515f29c6cd09a89
templates/product.overalls.liquid:
  development: 2018-02-26T22:20:31-05:00   8d2a099f906c92599cf7c689869e0c6b
templates/product.overshirt.liquid:
  development: 2016-03-12T11:01:54-05:00   51ffd01460e7383fa6e4fb7c0db098fb
templates/product.oxford.liquid:
  development: 2016-03-12T11:01:54-05:00   621edc3cada18d86818fe52a82586eec
templates/product.parka.liquid:
  development: 2018-02-26T22:21:25-05:00   983a88be508af598d5ae03358bc69075
templates/product.polo-shirt.liquid:
  development: 2018-02-26T22:20:30-05:00   31817b02657429164cf86830fad75de2
templates/product.pullover-sweatshirt.liquid:
  development: 2018-02-26T22:20:46-05:00   05747f58762c5fd673a5c336b5ac1cc5
templates/product.quarter-zip-shirt.liquid:
  development: 2018-02-26T22:20:23-05:00   57f373b7312bbdbd8ba9095d197f52bd
templates/product.quarter-zip.liquid:
  development: 2018-02-26T22:20:51-05:00   b54b74a141a18049347d77326a8b5945
templates/product.raglan-crewneck.liquid:
  development: 2018-02-26T22:20:22-05:00   15f3ef99e15cbc069342030ae4154c40
templates/product.ring.liquid:
  development: 2018-02-26T22:20:18-05:00   cd991eb50dc3999e000b3e5858ad385e
templates/product.rugby.liquid:
  development: 2018-02-26T22:21:36-05:00   ed84154c744c515d3de35f4edf2ad7d5
templates/product.slides.liquid:
  development: 2018-02-26T22:20:57-05:00   cfacb50f672deb4b698040e7bc9a8f32
templates/product.ss18-tees.liquid:
  development: 2018-02-26T22:20:15-05:00   ee452312fb8a9df1dd6a6082915a85cb
templates/product.sullivan.liquid:
  development: 2018-02-26T22:21:12-05:00   4ca3495a4b2c36600855a9d29cfb5d98
templates/product.sweatpant.liquid:
  development: 2018-02-26T22:21:21-05:00   65f281dc0fe0556049d739c5d4514b63
templates/product.sweatshirt.liquid:
  development: 2016-03-12T11:01:54-05:00   8980f28d13295b033cd0a7215702ab07
templates/product.sweatshort.liquid:
  development: 2018-02-26T22:20:14-05:00   664cc25ff1b7a6b492b7688ac7e9dacf
templates/product.t-shirt.liquid:
  development: 2018-02-26T22:21:03-05:00   daf1840a29d732546a9fdb33c5cdada0
templates/product.tank-top.liquid:
  development: 2016-03-12T11:01:54-05:00   c45332a30030e65ffa75968dd9c43dae
templates/product.thermal.liquid:
  development: 2018-02-26T22:20:34-05:00   cf82e383467405392897c1ebc0c400ee
templates/product.track-pants.liquid:
  development: 2018-02-26T22:21:17-05:00   7ddca890478bb3b6d90c841e6844490c
templates/product.turtleneck.liquid:
  development: 2018-02-26T22:21:25-05:00   e6b81492d96a8713199624d1521c8335
templates/product.varsity-jacket.liquid:
  development: 2016-03-12T11:01:55-05:00   ffb9431f9378d84cc8790bad5ed2da15
templates/product.warm-up-shirt.liquid:
  development: 2016-03-12T11:01:55-05:00   0a6a3589fcc3673aa158ae1cd761689c
templates/product.work-jacket.liquid:
  development: 2018-02-26T22:21:13-05:00   b5f2b23509ddee15470e46b7b3c8ac35
templates/product.youth-tee.liquid:
  development: 2018-02-26T22:20:36-05:00   6f4751c8f62e314fe929efa7922208d3
templates/search.liquid:
  development: 2017-03-06T15:23:18-05:00   d882958ceaeabffeb1f6fef684b829a0
